
Microsoft Visual Studio Solution File, Format Version 12.00
# Visual Studio Version 17
VisualStudioVersion = 17.4.33213.308
MinimumVisualStudioVersion = 10.0.40219.1
Project("{FAE04EC0-301F-11D3-BF4B-00C04F79EFBC}") = "HotelRoomBookingApi", "HotelRoomBookingApi\HotelRoomBookingApi.csproj", "{2407EEBC-3E85-4D21-B271-13C2D6F318BF}"
EndProject
Global
	GlobalSection(SolutionConfigurationPlatforms) = preSolution
		Debug|Any CPU = Debug|Any CPU
		Release|Any CPU = Release|Any CPU
	EndGlobalSection
	GlobalSection(ProjectConfigurationPlatforms) = postSolution
		{2407EEBC-3E85-4D21-B271-13C2D6F318BF}.Debug|Any CPU.ActiveCfg = Debug|Any CPU
		{2407EEBC-3E85-4D21-B271-13C2D6F318BF}.Debug|Any CPU.Build.0 = Debug|Any CPU
		{2407EEBC-3E85-4D21-B271-13C2D6F318BF}.Release|Any CPU.ActiveCfg = Release|Any CPU
		{2407EEBC-3E85-4D21-B271-13C2D6F318BF}.Release|Any CPU.Build.0 = Release|Any CPU
	EndGlobalSection
	GlobalSection(SolutionProperties) = preSolution
		HideSolutionNode = FALSE
	EndGlobalSection
	GlobalSection(ExtensibilityGlobals) = postSolution
		SolutionGuid = {0E27C327-8835-4FA5-9FDE-F0E9BB1C0E57}
	EndGlobalSection
EndGlobal
